
Microsoft Visual Studio Solution File, Format Version 12.00
# Visual Studio Version 17
VisualStudioVersion = 17.0.31903.59
MinimumVisualStudioVersion = 10.0.40219.1
Project("{FAE04EC0-301F-11D3-BF4B-00C04F79EFBC}") = "BlazorWasmDevTools", "BlazorWasmDevTools\BlazorWasmDevTools.csproj", "{E2DD9C04-AE56-413A-A461-A4159C6FEB02}"
EndProject
Project("{FAE04EC0-301F-11D3-BF4B-00C04F79EFBC}") = "BlazorWasmDevTools.Tests", "BlazorWasmDevTools.Tests\BlazorWasmDevTools.Tests.csproj", "{1CFE0393-DA2E-4665-9D38-B6F67BBBE940}"
EndProject
Global
	GlobalSection(SolutionConfigurationPlatforms) = preSolution
		Debug|Any CPU = Debug|Any CPU
		Debug|x64 = Debug|x64
		Debug|x86 = Debug|x86
		Release|Any CPU = Release|Any CPU
		Release|x64 = Release|x64
		Release|x86 = Release|x86
	EndGlobalSection
	GlobalSection(ProjectConfigurationPlatforms) = postSolution
		{E2DD9C04-AE56-413A-A461-A4159C6FEB02}.Debug|Any CPU.ActiveCfg = Debug|Any CPU
		{E2DD9C04-AE56-413A-A461-A4159C6FEB02}.Debug|Any CPU.Build.0 = Debug|Any CPU
		{E2DD9C04-AE56-413A-A461-A4159C6FEB02}.Debug|x64.ActiveCfg = Debug|Any CPU
		{E2DD9C04-AE56-413A-A461-A4159C6FEB02}.Debug|x64.Build.0 = Debug|Any CPU
		{E2DD9C04-AE56-413A-A461-A4159C6FEB02}.Debug|x86.ActiveCfg = Debug|Any CPU
		{E2DD9C04-AE56-413A-A461-A4159C6FEB02}.Debug|x86.Build.0 = Debug|Any CPU
		{E2DD9C04-AE56-413A-A461-A4159C6FEB02}.Release|Any CPU.ActiveCfg = Release|Any CPU
		{E2DD9C04-AE56-413A-A461-A4159C6FEB02}.Release|Any CPU.Build.0 = Release|Any CPU
		{E2DD9C04-AE56-413A-A461-A4159C6FEB02}.Release|x64.ActiveCfg = Release|Any CPU
		{E2DD9C04-AE56-413A-A461-A4159C6FEB02}.Release|x64.Build.0 = Release|Any CPU
		{E2DD9C04-AE56-413A-A461-A4159C6FEB02}.Release|x86.ActiveCfg = Release|Any CPU
		{E2DD9C04-AE56-413A-A461-A4159C6FEB02}.Release|x86.Build.0 = Release|Any CPU
		{1CFE0393-DA2E-4665-9D38-B6F67BBBE940}.Debug|Any CPU.ActiveCfg = Debug|Any CPU
		{1CFE0393-DA2E-4665-9D38-B6F67BBBE940}.Debug|Any CPU.Build.0 = Debug|Any CPU
		{1CFE0393-DA2E-4665-9D38-B6F67BBBE940}.Debug|x64.ActiveCfg = Debug|Any CPU
		{1CFE0393-DA2E-4665-9D38-B6F67BBBE940}.Debug|x64.Build.0 = Debug|Any CPU
		{1CFE0393-DA2E-4665-9D38-B6F67BBBE940}.Debug|x86.ActiveCfg = Debug|Any CPU
		{1CFE0393-DA2E-4665-9D38-B6F67BBBE940}.Debug|x86.Build.0 = Debug|Any CPU
		{1CFE0393-DA2E-4665-9D38-B6F67BBBE940}.Release|Any CPU.ActiveCfg = Release|Any CPU
		{1CFE0393-DA2E-4665-9D38-B6F67BBBE940}.Release|Any CPU.Build.0 = Release|Any CPU
		{1CFE0393-DA2E-4665-9D38-B6F67BBBE940}.Release|x64.ActiveCfg = Release|Any CPU
		{1CFE0393-DA2E-4665-9D38-B6F67BBBE940}.Release|x64.Build.0 = Release|Any CPU
		{1CFE0393-DA2E-4665-9D38-B6F67BBBE940}.Release|x86.ActiveCfg = Release|Any CPU
		{1CFE0393-DA2E-4665-9D38-B6F67BBBE940}.Release|x86.Build.0 = Release|Any CPU
	EndGlobalSection
	GlobalSection(SolutionProperties) = preSolution
		HideSolutionNode = FALSE
	EndGlobalSection
EndGlobal
